{"format_version":"1.2","terraform_version":"1.5.7","planned_values":{"root_module":{"resources":[{"address":"azurerm_api_management.example","mode":"managed","type":"azurerm_api_management","name":"example","provider_name":"registry.terraform.io/hashicorp/azurerm","schema_version":0,"values":{"additional_location":[],"certificate":[],"client_certificate_enabled":false,"gateway_disabled":false,"identity":[],"location":"westeurope","min_api_version":null,"name":"apim","public_ip_address_id":null,"public_network_access_enabled":true,"publisher_email":"company@example.com","publisher_name":"My Company","resource_group_name":"apim-resources","sku_name":"Developer_1","tags":null,"timeouts":null,"virtual_network_configuration":[{}],"virtual_network_type":"Internal","zones":null},"sensitive_values":{"additional_location":[],"certificate":[],"delegation":[],"hostname_configuration":[],"identity":[],"policy":[],"private_ip_addresses":[],"protocols":[],"public_ip_addresses":[],"security":[],"sign_in":[],"sign_up":[],"tenant_access":[],"virtual_network_configuration":[{}]}},{"address":"azurerm_resource_group.example","mode":"managed","type":"azurerm_resource_group","name":"example","provider_name":"registry.terraform.io/hashicorp/azurerm","schema_version":0,"values":{"location":"westeurope","managed_by":null,"name":"apim-resources","tags":null,"timeouts":null},"sensitive_values":{}},{"address":"azurerm_subnet.example","mode":"managed","type":"azurerm_subnet","name":"example","provider_name":"registry.terraform.io/hashicorp/azurerm","schema_version":0,"values":{"address_prefixes":["10.0.1.0/24"],"delegation":[],"name":"apim-subnet","resource_group_name":"apim-resources","service_endpoint_policy_ids":null,"service_endpoints":null,"timeouts":null,"virtual_network_name":"apim-network"},"sensitive_values":{"address_prefixes":[false],"delegation":[]}},{"address":"azurerm_virtual_network.example","mode":"managed","type":"azurerm_virtual_network","name":"example","provider_name":"registry.terraform.io/hashicorp/azurerm","schema_version":0,"values":{"address_space":["10.0.0.0/16"],"bgp_community":null,"ddos_protection_plan":[],"edge_zone":null,"encryption":[],"flow_timeout_in_minutes":null,"location":"westeurope","name":"apim-network","resource_group_name":"apim-resources","tags":null,"timeouts":null},"sensitive_values":{"address_space":[false],"ddos_protection_plan":[],"dns_servers":[],"encryption":[],"subnet":[]}}]}},"resource_changes":[{"address":"azurerm_api_management.example","mode":"managed","type":"azurerm_api_management","name":"example","provider_name":"registry.terraform.io/hashicorp/azurerm","change":{"actions":["create"],"before":null,"after":{"additional_location":[],"certificate":[],"client_certificate_enabled":false,"gateway_disabled":false,"identity":[],"location":"westeurope","min_api_version":null,"name":"apim","public_ip_address_id":null,"public_network_access_enabled":true,"publisher_email":"company@example.com","publisher_name":"My Company","resource_group_name":"apim-resources","sku_name":"Developer_1","tags":null,"timeouts":null,"virtual_network_configuration":[{}],"virtual_network_type":"Internal","zones":null},"after_unknown":{"additional_location":[],"certificate":[],"delegation":true,"developer_portal_url":true,"gateway_regional_url":true,"gateway_url":true,"hostname_configuration":true,"id":true,"identity":[],"management_api_url":true,"notification_sender_email":true,"policy":true,"portal_url":true,"private_ip_addresses":true,"protocols":true,"public_ip_addresses":true,"scm_url":true,"security":true,"sign_in":true,"sign_up":true,"tenant_access":true,"virtual_network_configuration":[{"subnet_id":true}]},"before_sensitive":false,"after_sensitive":{"additional_location":[],"certificate":[],"delegation":[],"hostname_configuration":[],"identity":[],"policy":[],"private_ip_addresses":[],"protocols":[],"public_ip_addresses":[],"security":[],"sign_in":[],"sign_up":[],"tenant_access":[],"virtual_network_configuration":[{}]}}},{"address":"azurerm_resource_group.example","mode":"managed","type":"azurerm_resource_group","name":"example","provider_name":"registry.terraform.io/hashicorp/azurerm","change":{"actions":["create"],"before":null,"after":{"location":"westeurope","managed_by":null,"name":"apim-resources","tags":null,"timeouts":null},"after_unknown":{"id":true},"before_sensitive":false,"after_sensitive":{}}},{"address":"azurerm_subnet.example","mode":"managed","type":"azurerm_subnet","name":"example","provider_name":"registry.terraform.io/hashicorp/azurerm","change":{"actions":["create"],"before":null,"after":{"address_prefixes":["10.0.1.0/24"],"delegation":[],"name":"apim-subnet","resource_group_name":"apim-resources","service_endpoint_policy_ids":null,"service_endpoints":null,"timeouts":null,"virtual_network_name":"apim-network"},"after_unknown":{"address_prefixes":[false],"delegation":[],"enforce_private_link_endpoint_network_policies":true,"enforce_private_link_service_network_policies":true,"id":true,"private_endpoint_network_policies_enabled":true,"private_link_service_network_policies_enabled":true},"before_sensitive":false,"after_sensitive":{"address_prefixes":[false],"delegation":[]}}},{"address":"azurerm_virtual_network.example","mode":"managed","type":"azurerm_virtual_network","name":"example","provider_name":"registry.terraform.io/hashicorp/azurerm","change":{"actions":["create"],"before":null,"after":{"address_space":["10.0.0.0/16"],"bgp_community":null,"ddos_protection_plan":[],"edge_zone":null,"encryption":[],"flow_timeout_in_minutes":null,"location":"westeurope","name":"apim-network","resource_group_name":"apim-resources","tags":null,"timeouts":null},"after_unknown":{"address_space":[false],"ddos_protection_plan":[],"dns_servers":true,"encryption":[],"guid":true,"id":true,"subnet":true},"before_sensitive":false,"after_sensitive":{"address_space":[false],"ddos_protection_plan":[],"dns_servers":[],"encryption":[],"subnet":[]}}}],"configuration":{"provider_config":{"azurerm":{"name":"azurerm","full_name":"registry.terraform.io/hashicorp/azurerm","version_constraint":"3.98.0","expressions":{"features":[{}]}}},"root_module":{"resources":[{"address":"azurerm_api_management.example","mode":"managed","type":"azurerm_api_management","name":"example","provider_config_key":"azurerm","expressions":{"location":{"references":["azurerm_resource_group.example.location","azurerm_resource_group.example"]},"name":{"constant_value":"apim"},"publisher_email":{"constant_value":"company@example.com"},"publisher_name":{"constant_value":"My Company"},"resource_group_name":{"references":["azurerm_resource_group.example.name","azurerm_resource_group.example"]},"sku_name":{"constant_value":"Developer_1"},"virtual_network_configuration":[{"subnet_id":{"references":["azurerm_subnet.example.id","azurerm_subnet.example"]}}],"virtual_network_type":{"constant_value":"Internal"}},"schema_version":0},{"address":"azurerm_resource_group.example","mode":"managed","type":"azurerm_resource_group","name":"example","provider_config_key":"azurerm","expressions":{"location":{"constant_value":"West Europe"},"name":{"constant_value":"apim-resources"}},"schema_version":0},{"address":"azurerm_subnet.example","mode":"managed","type":"azurerm_subnet","name":"example","provider_config_key":"azurerm","expressions":{"address_prefixes":{"constant_value":["10.0.1.0/24"]},"name":{"constant_value":"apim-subnet"},"resource_group_name":{"references":["azurerm_resource_group.example.name","azurerm_resource_group.example"]},"virtual_network_name":{"references":["azurerm_virtual_network.example.name","azurerm_virtual_network.example"]}},"schema_version":0},{"address":"azurerm_virtual_network.example","mode":"managed","type":"azurerm_virtual_network","name":"example","provider_config_key":"azurerm","expressions":{"address_space":{"constant_value":["10.0.0.0/16"]},"location":{"references":["azurerm_resource_group.example.location","azurerm_resource_group.example"]},"name":{"constant_value":"apim-network"},"resource_group_name":{"references":["azurerm_resource_group.example.name","azurerm_resource_group.example"]}},"schema_version":0}]}},"relevant_attributes":[{"resource":"azurerm_virtual_network.example","attribute":["name"]},{"resource":"azurerm_subnet.example","attribute":["id"]},{"resource":"azurerm_resource_group.example","attribute":["location"]},{"resource":"azurerm_resource_group.example","attribute":["name"]}],"timestamp":"2024-04-05T10:52:35Z"}
